
Microsoft Visual Studio Solution File, Format Version 12.00
# Visual Studio Version 16
VisualStudioVersion = 16.0.33027.164
MinimumVisualStudioVersion = 10.0.40219.1
Project("{888888A0-9F3D-457C-B088-3A5042F75D52}") = "Lab10", "Lab10.pyproj", "{AD48ABA0-9D08-4C84-9AE5-93A76FA95D9E}"
EndProject
Global
	GlobalSection(SolutionConfigurationPlatforms) = preSolution
		Debug|Any CPU = Debug|Any CPU
		Release|Any CPU = Release|Any CPU
	EndGlobalSection
	GlobalSection(ProjectConfigurationPlatforms) = postSolution
		{AD48ABA0-9D08-4C84-9AE5-93A76FA95D9E}.Debug|Any CPU.ActiveCfg = Debug|Any CPU
		{AD48ABA0-9D08-4C84-9AE5-93A76FA95D9E}.Release|Any CPU.ActiveCfg = Release|Any CPU
	EndGlobalSection
	GlobalSection(SolutionProperties) = preSolution
		HideSolutionNode = FALSE
	EndGlobalSection
	GlobalSection(ExtensibilityGlobals) = postSolution
		SolutionGuid = {6BD66C20-3552-4FBE-92E3-DD32CA330CA4}
	EndGlobalSection
EndGlobal
