<?xml version="1.0" encoding="utf-8"?>
<Project ToolsVersion="4.0" xmlns="http://schemas.microsoft.com/developer/msbuild/2003">
  <ItemGroup>
    <Filter Include="Source Files">
      <UniqueIdentifier>{e9216f66-4cc6-4f99-8813-68d6c6a65dd5}</UniqueIdentifier>
    </Filter>
    <Filter Include="Header Files">
      <UniqueIdentifier>{8b99631d-075f-46aa-b450-c5e8b97346dc}</UniqueIdentifier>
    </Filter>
  </ItemGroup>
  <ItemGroup>
    <ClCompile Include="png.cpp">
      <Filter>Source Files</Filter>
    </ClCompile>
    <ClCompile Include="pngpread.cpp">
      <Filter>Source Files</Filter>
    </ClCompile>
    <ClCompile Include="pngerror.cpp">
      <Filter>Source Files</Filter>
    </ClCompile>
    <ClCompile Include="pngread.cpp">
      <Filter>Source Files</Filter>
    </ClCompile>
    <ClCompile Include="pngrio.cpp">
      <Filter>Source Files</Filter>
    </ClCompile>
    <ClCompile Include="pngrutil.cpp">
      <Filter>Source Files</Filter>
    </ClCompile>
    <ClCompile Include="pngget.cpp">
      <Filter>Source Files</Filter>
    </ClCompile>
    <ClCompile Include="pngmem.cpp">
      <Filter>Source Files</Filter>
    </ClCompile>
    <ClCompile Include="pngrtran.cpp">
      <Filter>Source Files</Filter>
    </ClCompile>
    <ClCompile Include="pngset.cpp">
      <Filter>Source Files</Filter>
    </ClCompile>
    <ClCompile Include="pngtrans.cpp">
      <Filter>Source Files</Filter>
    </ClCompile>
    <ClCompile Include="pngwrite.cpp">
      <Filter>Source Files</Filter>
    </ClCompile>
    <ClCompile Include="pngwutil.cpp">
      <Filter>Source Files</Filter>
    </ClCompile>
    <ClCompile Include="pngwio.cpp">
      <Filter>Source Files</Filter>
    </ClCompile>
    <ClCompile Include="pngwtran.cpp">
      <Filter>Source Files</Filter>
    </ClCompile>
  </ItemGroup>
  <ItemGroup>
    <ClInclude Include="png.h">
      <Filter>Header Files</Filter>
    </ClInclude>
    <ClInclude Include="pngpriv.h">
      <Filter>Header Files</Filter>
    </ClInclude>
    <ClInclude Include="pngconf.h">
      <Filter>Header Files</Filter>
    </ClInclude>
    <ClInclude Include="pngdebug.h">
      <Filter>Header Files</Filter>
    </ClInclude>
    <ClInclude Include="pnginfo.h">
      <Filter>Header Files</Filter>
    </ClInclude>
    <ClInclude Include="pnglibconf.h">
      <Filter>Header Files</Filter>
    </ClInclude>
  </ItemGroup>
</Project>