<?xml version="1.0" encoding="utf-8"?>
<Project ToolsVersion="4.0" xmlns="http://schemas.microsoft.com/developer/msbuild/2003">
  <ItemGroup>
    <Filter Include="Source Files">
      <UniqueIdentifier>{4FC737F1-C7A5-4376-A066-2A32D752A2FF}</UniqueIdentifier>
      <Extensions>cpp;c;cc;cxx;c++;cppm;ixx;def;odl;idl;hpj;bat;asm;asmx</Extensions>
    </Filter>
    <Filter Include="Header Files">
      <UniqueIdentifier>{93995380-89BD-4b04-88EB-625FBE52EBFB}</UniqueIdentifier>
      <Extensions>h;hh;hpp;hxx;h++;hm;inl;inc;ipp;xsd</Extensions>
    </Filter>
    <Filter Include="Resource Files">
      <UniqueIdentifier>{67DA6AB6-F800-4c08-8B7A-83BB121AAD01}</UniqueIdentifier>
      <Extensions>rc;ico;cur;bmp;dlg;rc2;rct;bin;rgs;gif;jpg;jpeg;jpe;resx;tiff;tif;png;wav;mfcribbon-ms</Extensions>
    </Filter>
    <Filter Include="Header Files\Tabs">
      <UniqueIdentifier>{11a3a39e-6d72-4652-a7f4-32c2511f35e8}</UniqueIdentifier>
    </Filter>
    <Filter Include="Source Files\Tabs">
      <UniqueIdentifier>{d59efeb1-6445-4207-ba4c-f7ec5d448ec7}</UniqueIdentifier>
    </Filter>
    <Filter Include="Shared">
      <UniqueIdentifier>{5f46e7ca-3ff8-4d2d-a1bb-b7d40339e423}</UniqueIdentifier>
    </Filter>
  </ItemGroup>
  <ItemGroup>
    <ClInclude Include="framework.h">
      <Filter>Header Files</Filter>
    </ClInclude>
    <ClInclude Include="Resource.h">
      <Filter>Header Files</Filter>
    </ClInclude>
    <ClInclude Include="pch.h">
      <Filter>Header Files</Filter>
    </ClInclude>
    <ClInclude Include="FirstTab.h">
      <Filter>Header Files\Tabs</Filter>
    </ClInclude>
    <ClInclude Include="Tabs.h">
      <Filter>Header Files\Tabs</Filter>
    </ClInclude>
    <ClInclude Include="Lab2.h">
      <Filter>Header Files</Filter>
    </ClInclude>
    <ClInclude Include="Lab2Dlg.h">
      <Filter>Header Files</Filter>
    </ClInclude>
    <ClInclude Include="Lab2impl.h">
      <Filter>Header Files</Filter>
    </ClInclude>
    <ClInclude Include="DynamicPicture.h">
      <Filter>Header Files</Filter>
    </ClInclude>
    <ClInclude Include="..\..\Shared\MFCGraph.h">
      <Filter>Shared</Filter>
    </ClInclude>
    <ClInclude Include="..\..\Shared\CEdit2.h">
      <Filter>Shared</Filter>
    </ClInclude>
  </ItemGroup>
  <ItemGroup>
    <ClCompile Include="pch.cpp">
      <Filter>Source Files</Filter>
    </ClCompile>
    <ClCompile Include="FirstTab.cpp">
      <Filter>Source Files\Tabs</Filter>
    </ClCompile>
    <ClCompile Include="Tabs.cpp">
      <Filter>Source Files\Tabs</Filter>
    </ClCompile>
    <ClCompile Include="Lab2.cpp">
      <Filter>Source Files</Filter>
    </ClCompile>
    <ClCompile Include="Lab2Dlg.cpp">
      <Filter>Source Files</Filter>
    </ClCompile>
    <ClCompile Include="Lab2impl.cpp">
      <Filter>Source Files</Filter>
    </ClCompile>
    <ClCompile Include="DynamicPicture.cpp">
      <Filter>Source Files</Filter>
    </ClCompile>
    <ClCompile Include="..\..\Shared\MFCGraph.cpp">
      <Filter>Shared</Filter>
    </ClCompile>
    <ClCompile Include="..\..\Shared\CEdit2.cpp">
      <Filter>Shared</Filter>
    </ClCompile>
  </ItemGroup>
  <ItemGroup>
    <ResourceCompile Include="Lab2.rc">
      <Filter>Resource Files</Filter>
    </ResourceCompile>
  </ItemGroup>
  <ItemGroup>
    <None Include="res\cursor1.cur">
      <Filter>Resource Files</Filter>
    </None>
    <None Include="res\Lab2.rc2">
      <Filter>Resource Files</Filter>
    </None>
  </ItemGroup>
  <ItemGroup>
    <Image Include="res\OkSign.gif">
      <Filter>Resource Files</Filter>
    </Image>
    <Image Include="res\Perceptron.bmp">
      <Filter>Resource Files</Filter>
    </Image>
    <Image Include="res\Lab2.ico">
      <Filter>Resource Files</Filter>
    </Image>
  </ItemGroup>
</Project>